
Microsoft Visual Studio Solution File, Format Version 12.00
# Visual Studio Version 16
VisualStudioVersion = 16.0.31402.337
MinimumVisualStudioVersion = 10.0.40219.1
Project("{FAE04EC0-301F-11D3-BF4B-00C04F79EFBC}") = "TalespireDiceMacros", "TalespireDiceMacros\TalespireDiceMacros.csproj", "{6030DA92-8C90-43F3-BFFC-7303653E0A95}"
EndProject
Global
	GlobalSection(SolutionConfigurationPlatforms) = preSolution
		Debug|Any CPU = Debug|Any CPU
		Release|Any CPU = Release|Any CPU
	EndGlobalSection
	GlobalSection(ProjectConfigurationPlatforms) = postSolution
		{6030DA92-8C90-43F3-BFFC-7303653E0A95}.Debug|Any CPU.ActiveCfg = Debug|Any CPU
		{6030DA92-8C90-43F3-BFFC-7303653E0A95}.Debug|Any CPU.Build.0 = Debug|Any CPU
		{6030DA92-8C90-43F3-BFFC-7303653E0A95}.Release|Any CPU.ActiveCfg = Release|Any CPU
		{6030DA92-8C90-43F3-BFFC-7303653E0A95}.Release|Any CPU.Build.0 = Release|Any CPU
	EndGlobalSection
	GlobalSection(SolutionProperties) = preSolution
		HideSolutionNode = FALSE
	EndGlobalSection
	GlobalSection(ExtensibilityGlobals) = postSolution
		SolutionGuid = {54BD7204-3B0A-49EC-9FF0-A891F2CFCBF6}
	EndGlobalSection
EndGlobal
